
Microsoft Visual Studio Solution File, Format Version 12.00
# Visual Studio Version 17
VisualStudioVersion = 17.0.32112.339
MinimumVisualStudioVersion = 10.0.40219.1
Project("{FAE04EC0-301F-11D3-BF4B-00C04F79EFBC}") = "Shared", "Shared\Shared.csproj", "{C829F5EC-99D0-423A-8CFB-3BF137AD20C7}"
EndProject
Project("{FAE04EC0-301F-11D3-BF4B-00C04F79EFBC}") = "LINQTut10.DefaultIfEmpty", "LINQTut10.DefaultIfEmpty\LINQTut10.DefaultIfEmpty.csproj", "{F5E8E236-6469-4535-BD71-272101FC533D}"
EndProject
Project("{FAE04EC0-301F-11D3-BF4B-00C04F79EFBC}") = "LINQTut10.Empty", "LINQTut10.Empty\LINQTut10.Empty.csproj", "{CEA7F88E-8B47-4AA9-8395-13681EC223E4}"
EndProject
Project("{FAE04EC0-301F-11D3-BF4B-00C04F79EFBC}") = "LINQTut10.Range", "LINQTut10.Range\LINQTut10.Range.csproj", "{CA5B7270-D603-4E03-8841-85A5492307AE}"
EndProject
Project("{FAE04EC0-301F-11D3-BF4B-00C04F79EFBC}") = "LINQTut10.Repeat", "LINQTut10.Repeat\LINQTut10.Repeat.csproj", "{A1E7694D-85E5-4285-82E3-62828046B32F}"
EndProject
Global
	GlobalSection(SolutionConfigurationPlatforms) = preSolution
		Debug|Any CPU = Debug|Any CPU
		Release|Any CPU = Release|Any CPU
	EndGlobalSection
	GlobalSection(ProjectConfigurationPlatforms) = postSolution
		{C829F5EC-99D0-423A-8CFB-3BF137AD20C7}.Debug|Any CPU.ActiveCfg = Debug|Any CPU
		{C829F5EC-99D0-423A-8CFB-3BF137AD20C7}.Debug|Any CPU.Build.0 = Debug|Any CPU
		{C829F5EC-99D0-423A-8CFB-3BF137AD20C7}.Release|Any CPU.ActiveCfg = Release|Any CPU
		{C829F5EC-99D0-423A-8CFB-3BF137AD20C7}.Release|Any CPU.Build.0 = Release|Any CPU
		{F5E8E236-6469-4535-BD71-272101FC533D}.Debug|Any CPU.ActiveCfg = Debug|Any CPU
		{F5E8E236-6469-4535-BD71-272101FC533D}.Debug|Any CPU.Build.0 = Debug|Any CPU
		{F5E8E236-6469-4535-BD71-272101FC533D}.Release|Any CPU.ActiveCfg = Release|Any CPU
		{F5E8E236-6469-4535-BD71-272101FC533D}.Release|Any CPU.Build.0 = Release|Any CPU
		{CEA7F88E-8B47-4AA9-8395-13681EC223E4}.Debug|Any CPU.ActiveCfg = Debug|Any CPU
		{CEA7F88E-8B47-4AA9-8395-13681EC223E4}.Debug|Any CPU.Build.0 = Debug|Any CPU
		{CEA7F88E-8B47-4AA9-8395-13681EC223E4}.Release|Any CPU.ActiveCfg = Release|Any CPU
		{CEA7F88E-8B47-4AA9-8395-13681EC223E4}.Release|Any CPU.Build.0 = Release|Any CPU
		{CA5B7270-D603-4E03-8841-85A5492307AE}.Debug|Any CPU.ActiveCfg = Debug|Any CPU
		{CA5B7270-D603-4E03-8841-85A5492307AE}.Debug|Any CPU.Build.0 = Debug|Any CPU
		{CA5B7270-D603-4E03-8841-85A5492307AE}.Release|Any CPU.ActiveCfg = Release|Any CPU
		{CA5B7270-D603-4E03-8841-85A5492307AE}.Release|Any CPU.Build.0 = Release|Any CPU
		{A1E7694D-85E5-4285-82E3-62828046B32F}.Debug|Any CPU.ActiveCfg = Debug|Any CPU
		{A1E7694D-85E5-4285-82E3-62828046B32F}.Debug|Any CPU.Build.0 = Debug|Any CPU
		{A1E7694D-85E5-4285-82E3-62828046B32F}.Release|Any CPU.ActiveCfg = Release|Any CPU
		{A1E7694D-85E5-4285-82E3-62828046B32F}.Release|Any CPU.Build.0 = Release|Any CPU
	EndGlobalSection
	GlobalSection(SolutionProperties) = preSolution
		HideSolutionNode = FALSE
	EndGlobalSection
	GlobalSection(ExtensibilityGlobals) = postSolution
		SolutionGuid = {A1A5C985-97D2-48CC-8291-D844834BE7AB}
	EndGlobalSection
EndGlobal
